
Microsoft Visual Studio Solution File, Format Version 12.00
# Visual Studio Version 17
VisualStudioVersion = 17.5.33530.505
MinimumVisualStudioVersion = 10.0.40219.1
Project("{9A19103F-16F7-4668-BE54-9A1E7A4F7556}") = "YueHuan", "YueHuan.csproj", "{EAA3EF06-E2C5-4860-8F81-1ED0B021B5DA}"
EndProject
Project("{FAE04EC0-301F-11D3-BF4B-00C04F79EFBC}") = "MethodFinder", "..\MethodFinder\MethodFinder.csproj", "{4A74D2A2-B3B5-46AF-B55E-DDB95AB007B3}"
EndProject
Global
	GlobalSection(SolutionConfigurationPlatforms) = preSolution
		Debug|Any CPU = Debug|Any CPU
		Release|Any CPU = Release|Any CPU
	EndGlobalSection
	GlobalSection(ProjectConfigurationPlatforms) = postSolution
		{EAA3EF06-E2C5-4860-8F81-1ED0B021B5DA}.Debug|Any CPU.ActiveCfg = Debug|Any CPU
		{EAA3EF06-E2C5-4860-8F81-1ED0B021B5DA}.Debug|Any CPU.Build.0 = Debug|Any CPU
		{EAA3EF06-E2C5-4860-8F81-1ED0B021B5DA}.Release|Any CPU.ActiveCfg = Release|Any CPU
		{EAA3EF06-E2C5-4860-8F81-1ED0B021B5DA}.Release|Any CPU.Build.0 = Release|Any CPU
		{4A74D2A2-B3B5-46AF-B55E-DDB95AB007B3}.Debug|Any CPU.ActiveCfg = Debug|Any CPU
		{4A74D2A2-B3B5-46AF-B55E-DDB95AB007B3}.Debug|Any CPU.Build.0 = Debug|Any CPU
		{4A74D2A2-B3B5-46AF-B55E-DDB95AB007B3}.Release|Any CPU.ActiveCfg = Release|Any CPU
		{4A74D2A2-B3B5-46AF-B55E-DDB95AB007B3}.Release|Any CPU.Build.0 = Release|Any CPU
	EndGlobalSection
	GlobalSection(SolutionProperties) = preSolution
		HideSolutionNode = FALSE
	EndGlobalSection
	GlobalSection(ExtensibilityGlobals) = postSolution
		SolutionGuid = {CD010BEB-86A7-4D36-8529-2C04587A3E62}
	EndGlobalSection
EndGlobal
